Microsoft Visual Studio Solution File, Format Version 12.00
# Visual Studio Version 17
VisualStudioVersion = 17.5.2.0
MinimumVisualStudioVersion = 10.0.40219.1
Project("{FAE04EC0-301F-11D3-BF4B-00C04F79EFBC}") = "Teabot", "Teabot.csproj", "{96D5B5FD-C032-5B4D-6695-13438F9B799B}"
EndProject
Global
	GlobalSection(SolutionConfigurationPlatforms) = preSolution
		Debug|Any CPU = Debug|Any CPU
		Release|Any CPU = Release|Any CPU
	EndGlobalSection
	GlobalSection(ProjectConfigurationPlatforms) = postSolution
		{96D5B5FD-C032-5B4D-6695-13438F9B799B}.Debug|Any CPU.ActiveCfg = Debug|Any CPU
		{96D5B5FD-C032-5B4D-6695-13438F9B799B}.Debug|Any CPU.Build.0 = Debug|Any CPU
		{96D5B5FD-C032-5B4D-6695-13438F9B799B}.Release|Any CPU.ActiveCfg = Release|Any CPU
		{96D5B5FD-C032-5B4D-6695-13438F9B799B}.Release|Any CPU.Build.0 = Release|Any CPU
	EndGlobalSection
	GlobalSection(SolutionProperties) = preSolution
		HideSolutionNode = FALSE
	EndGlobalSection
	GlobalSection(ExtensibilityGlobals) = postSolution
		SolutionGuid = {9B8184FD-EA8A-4A63-B42E-41E04132FAC9}
	EndGlobalSection
EndGlobal
